
Microsoft Visual Studio Solution File, Format Version 12.00
# Visual Studio Version 17
VisualStudioVersion = 17.6.33829.357
MinimumVisualStudioVersion = 10.0.40219.1
Project("{FAE04EC0-301F-11D3-BF4B-00C04F79EFBC}") = "AssignmentFIT5032", "AssignmentFIT5032\AssignmentFIT5032.csproj", "{5646EC0E-9194-4577-9030-A9D95AA994F8}"
EndProject
Global
	GlobalSection(SolutionConfigurationPlatforms) = preSolution
		Debug|Any CPU = Debug|Any CPU
		Release|Any CPU = Release|Any CPU
	EndGlobalSection
	GlobalSection(ProjectConfigurationPlatforms) = postSolution
		{5646EC0E-9194-4577-9030-A9D95AA994F8}.Debug|Any CPU.ActiveCfg = Debug|Any CPU
		{5646EC0E-9194-4577-9030-A9D95AA994F8}.Debug|Any CPU.Build.0 = Debug|Any CPU
		{5646EC0E-9194-4577-9030-A9D95AA994F8}.Release|Any CPU.ActiveCfg = Release|Any CPU
		{5646EC0E-9194-4577-9030-A9D95AA994F8}.Release|Any CPU.Build.0 = Release|Any CPU
	EndGlobalSection
	GlobalSection(SolutionProperties) = preSolution
		HideSolutionNode = FALSE
	EndGlobalSection
	GlobalSection(ExtensibilityGlobals) = postSolution
		SolutionGuid = {869603CC-CAAC-4C3E-A050-AFCC74A08AEF}
	EndGlobalSection
EndGlobal
